
Microsoft Visual Studio Solution File, Format Version 12.00
# Visual Studio Version 16
VisualStudioVersion = 16.0.30114.105
MinimumVisualStudioVersion = 10.0.40219.1
Project("{2150E333-8FDC-42A3-9474-1A3956D46DE8}") = "ShopManagement", "ShopManagement", "{CF4B54B0-1988-11EC-BF22-25DB4156BDEF}"
EndProject
Project("{2150E333-8FDC-42A3-9474-1A3956D46DE8}") = "SM.Domain", "SM.Domain", "{D90B3600-1988-11EC-BF22-25DB4156BDEF}"
EndProject
Project("{FAE04EC0-301F-11D3-BF4B-00C04F79EFBC}") = "ShopManagement.Domain", "ShopManagement.Domain\ShopManagement.Domain.csproj", "{81EE4867-921D-4582-8AF2-13DF88306FBD}"
EndProject
Project("{FAE04EC0-301F-11D3-BF4B-00C04F79EFBC}") = "Zero_Framework", "0_Framework\Zero_Framework.csproj", "{A697D68B-CEC8-4B06-A541-06E8B4A7C598}"
EndProject
Project("{2150E333-8FDC-42A3-9474-1A3956D46DE8}") = "SM.Application", "SM.Application", "{B3E73B00-19EA-11EC-A36F-3D9508CF8644}"
EndProject
Project("{FAE04EC0-301F-11D3-BF4B-00C04F79EFBC}") = "ShopManageMent.Application.Contract", "ShopManageMent.Application.Contract\ShopManageMent.Application.Contract.csproj", "{906DFE18-8257-469C-8DDA-90863BA3BDB5}"
EndProject
Project("{FAE04EC0-301F-11D3-BF4B-00C04F79EFBC}") = "ShopManagement.Application", "ShopManagement.Application\ShopManagement.Application.csproj", "{44609812-4A07-4DB0-831A-0E181AEDC239}"
EndProject
Project("{2150E333-8FDC-42A3-9474-1A3956D46DE8}") = "SM.Infrastructure", "SM.Infrastructure", "{7ADAD120-1C68-11EC-B1BF-A54B6BF2EFE7}"
EndProject
Project("{FAE04EC0-301F-11D3-BF4B-00C04F79EFBC}") = "ShopManagement.Infrastructure", "ShopManagement.Infrastructure\ShopManagement.Infrastructure.csproj", "{7653A058-3168-4870-B060-61F1333B4A3F}"
EndProject
Project("{FAE04EC0-301F-11D3-BF4B-00C04F79EFBC}") = "Shopmanagement.Configuration", "Shopmanagement.Configuration\Shopmanagement.Configuration.csproj", "{30412183-E1C9-4BBE-AFC8-8707F1958206}"
EndProject
Project("{FAE04EC0-301F-11D3-BF4B-00C04F79EFBC}") = "WebHost", "WebHost\WebHost.csproj", "{C480C041-723E-46F3-83D2-760DEA41054F}"
EndProject
Global
	GlobalSection(SolutionConfigurationPlatforms) = preSolution
		Debug|Any CPU = Debug|Any CPU
		Debug|x64 = Debug|x64
		Debug|x86 = Debug|x86
		Release|Any CPU = Release|Any CPU
		Release|x64 = Release|x64
		Release|x86 = Release|x86
	EndGlobalSection
	GlobalSection(SolutionProperties) = preSolution
		HideSolutionNode = FALSE
	EndGlobalSection
	GlobalSection(NestedProjects) = preSolution
		{30412183-E1C9-4BBE-AFC8-8707F1958206} = {7ADAD120-1C68-11EC-B1BF-A54B6BF2EFE7}
		{7ADAD120-1C68-11EC-B1BF-A54B6BF2EFE7} = {CF4B54B0-1988-11EC-BF22-25DB4156BDEF}
		{7653A058-3168-4870-B060-61F1333B4A3F} = {7ADAD120-1C68-11EC-B1BF-A54B6BF2EFE7}
		{44609812-4A07-4DB0-831A-0E181AEDC239} = {B3E73B00-19EA-11EC-A36F-3D9508CF8644}
		{906DFE18-8257-469C-8DDA-90863BA3BDB5} = {B3E73B00-19EA-11EC-A36F-3D9508CF8644}
		{B3E73B00-19EA-11EC-A36F-3D9508CF8644} = {CF4B54B0-1988-11EC-BF22-25DB4156BDEF}
		{81EE4867-921D-4582-8AF2-13DF88306FBD} = {D90B3600-1988-11EC-BF22-25DB4156BDEF}
		{D90B3600-1988-11EC-BF22-25DB4156BDEF} = {CF4B54B0-1988-11EC-BF22-25DB4156BDEF}
	EndGlobalSection
	GlobalSection(ProjectConfigurationPlatforms) = postSolution
		{81EE4867-921D-4582-8AF2-13DF88306FBD}.Debug|Any CPU.ActiveCfg = Debug|Any CPU
		{81EE4867-921D-4582-8AF2-13DF88306FBD}.Debug|Any CPU.Build.0 = Debug|Any CPU
		{81EE4867-921D-4582-8AF2-13DF88306FBD}.Debug|x64.ActiveCfg = Debug|Any CPU
		{81EE4867-921D-4582-8AF2-13DF88306FBD}.Debug|x64.Build.0 = Debug|Any CPU
		{81EE4867-921D-4582-8AF2-13DF88306FBD}.Debug|x86.ActiveCfg = Debug|Any CPU
		{81EE4867-921D-4582-8AF2-13DF88306FBD}.Debug|x86.Build.0 = Debug|Any CPU
		{81EE4867-921D-4582-8AF2-13DF88306FBD}.Release|Any CPU.ActiveCfg = Release|Any CPU
		{81EE4867-921D-4582-8AF2-13DF88306FBD}.Release|Any CPU.Build.0 = Release|Any CPU
		{81EE4867-921D-4582-8AF2-13DF88306FBD}.Release|x64.ActiveCfg = Release|Any CPU
		{81EE4867-921D-4582-8AF2-13DF88306FBD}.Release|x64.Build.0 = Release|Any CPU
		{81EE4867-921D-4582-8AF2-13DF88306FBD}.Release|x86.ActiveCfg = Release|Any CPU
		{81EE4867-921D-4582-8AF2-13DF88306FBD}.Release|x86.Build.0 = Release|Any CPU
		{A697D68B-CEC8-4B06-A541-06E8B4A7C598}.Debug|Any CPU.ActiveCfg = Debug|Any CPU
		{A697D68B-CEC8-4B06-A541-06E8B4A7C598}.Debug|Any CPU.Build.0 = Debug|Any CPU
		{A697D68B-CEC8-4B06-A541-06E8B4A7C598}.Debug|x64.ActiveCfg = Debug|Any CPU
		{A697D68B-CEC8-4B06-A541-06E8B4A7C598}.Debug|x64.Build.0 = Debug|Any CPU
		{A697D68B-CEC8-4B06-A541-06E8B4A7C598}.Debug|x86.ActiveCfg = Debug|Any CPU
		{A697D68B-CEC8-4B06-A541-06E8B4A7C598}.Debug|x86.Build.0 = Debug|Any CPU
		{A697D68B-CEC8-4B06-A541-06E8B4A7C598}.Release|Any CPU.ActiveCfg = Release|Any CPU
		{A697D68B-CEC8-4B06-A541-06E8B4A7C598}.Release|Any CPU.Build.0 = Release|Any CPU
		{A697D68B-CEC8-4B06-A541-06E8B4A7C598}.Release|x64.ActiveCfg = Release|Any CPU
		{A697D68B-CEC8-4B06-A541-06E8B4A7C598}.Release|x64.Build.0 = Release|Any CPU
		{A697D68B-CEC8-4B06-A541-06E8B4A7C598}.Release|x86.ActiveCfg = Release|Any CPU
		{A697D68B-CEC8-4B06-A541-06E8B4A7C598}.Release|x86.Build.0 = Release|Any CPU
		{906DFE18-8257-469C-8DDA-90863BA3BDB5}.Debug|Any CPU.ActiveCfg = Debug|Any CPU
		{906DFE18-8257-469C-8DDA-90863BA3BDB5}.Debug|Any CPU.Build.0 = Debug|Any CPU
		{906DFE18-8257-469C-8DDA-90863BA3BDB5}.Debug|x64.ActiveCfg = Debug|Any CPU
		{906DFE18-8257-469C-8DDA-90863BA3BDB5}.Debug|x64.Build.0 = Debug|Any CPU
		{906DFE18-8257-469C-8DDA-90863BA3BDB5}.Debug|x86.ActiveCfg = Debug|Any CPU
		{906DFE18-8257-469C-8DDA-90863BA3BDB5}.Debug|x86.Build.0 = Debug|Any CPU
		{906DFE18-8257-469C-8DDA-90863BA3BDB5}.Release|Any CPU.ActiveCfg = Release|Any CPU
		{906DFE18-8257-469C-8DDA-90863BA3BDB5}.Release|Any CPU.Build.0 = Release|Any CPU
		{906DFE18-8257-469C-8DDA-90863BA3BDB5}.Release|x64.ActiveCfg = Release|Any CPU
		{906DFE18-8257-469C-8DDA-90863BA3BDB5}.Release|x64.Build.0 = Release|Any CPU
		{906DFE18-8257-469C-8DDA-90863BA3BDB5}.Release|x86.ActiveCfg = Release|Any CPU
		{906DFE18-8257-469C-8DDA-90863BA3BDB5}.Release|x86.Build.0 = Release|Any CPU
		{44609812-4A07-4DB0-831A-0E181AEDC239}.Debug|Any CPU.ActiveCfg = Debug|Any CPU
		{44609812-4A07-4DB0-831A-0E181AEDC239}.Debug|Any CPU.Build.0 = Debug|Any CPU
		{44609812-4A07-4DB0-831A-0E181AEDC239}.Debug|x64.ActiveCfg = Debug|Any CPU
		{44609812-4A07-4DB0-831A-0E181AEDC239}.Debug|x64.Build.0 = Debug|Any CPU
		{44609812-4A07-4DB0-831A-0E181AEDC239}.Debug|x86.ActiveCfg = Debug|Any CPU
		{44609812-4A07-4DB0-831A-0E181AEDC239}.Debug|x86.Build.0 = Debug|Any CPU
		{44609812-4A07-4DB0-831A-0E181AEDC239}.Release|Any CPU.ActiveCfg = Release|Any CPU
		{44609812-4A07-4DB0-831A-0E181AEDC239}.Release|Any CPU.Build.0 = Release|Any CPU
		{44609812-4A07-4DB0-831A-0E181AEDC239}.Release|x64.ActiveCfg = Release|Any CPU
		{44609812-4A07-4DB0-831A-0E181AEDC239}.Release|x64.Build.0 = Release|Any CPU
		{44609812-4A07-4DB0-831A-0E181AEDC239}.Release|x86.ActiveCfg = Release|Any CPU
		{44609812-4A07-4DB0-831A-0E181AEDC239}.Release|x86.Build.0 = Release|Any CPU
		{7653A058-3168-4870-B060-61F1333B4A3F}.Debug|Any CPU.ActiveCfg = Debug|Any CPU
		{7653A058-3168-4870-B060-61F1333B4A3F}.Debug|Any CPU.Build.0 = Debug|Any CPU
		{7653A058-3168-4870-B060-61F1333B4A3F}.Debug|x64.ActiveCfg = Debug|Any CPU
		{7653A058-3168-4870-B060-61F1333B4A3F}.Debug|x64.Build.0 = Debug|Any CPU
		{7653A058-3168-4870-B060-61F1333B4A3F}.Debug|x86.ActiveCfg = Debug|Any CPU
		{7653A058-3168-4870-B060-61F1333B4A3F}.Debug|x86.Build.0 = Debug|Any CPU
		{7653A058-3168-4870-B060-61F1333B4A3F}.Release|Any CPU.ActiveCfg = Release|Any CPU
		{7653A058-3168-4870-B060-61F1333B4A3F}.Release|Any CPU.Build.0 = Release|Any CPU
		{7653A058-3168-4870-B060-61F1333B4A3F}.Release|x64.ActiveCfg = Release|Any CPU
		{7653A058-3168-4870-B060-61F1333B4A3F}.Release|x64.Build.0 = Release|Any CPU
		{7653A058-3168-4870-B060-61F1333B4A3F}.Release|x86.ActiveCfg = Release|Any CPU
		{7653A058-3168-4870-B060-61F1333B4A3F}.Release|x86.Build.0 = Release|Any CPU
		{30412183-E1C9-4BBE-AFC8-8707F1958206}.Debug|Any CPU.ActiveCfg = Debug|Any CPU
		{30412183-E1C9-4BBE-AFC8-8707F1958206}.Debug|Any CPU.Build.0 = Debug|Any CPU
		{30412183-E1C9-4BBE-AFC8-8707F1958206}.Debug|x64.ActiveCfg = Debug|Any CPU
		{30412183-E1C9-4BBE-AFC8-8707F1958206}.Debug|x64.Build.0 = Debug|Any CPU
		{30412183-E1C9-4BBE-AFC8-8707F1958206}.Debug|x86.ActiveCfg = Debug|Any CPU
		{30412183-E1C9-4BBE-AFC8-8707F1958206}.Debug|x86.Build.0 = Debug|Any CPU
		{30412183-E1C9-4BBE-AFC8-8707F1958206}.Release|Any CPU.ActiveCfg = Release|Any CPU
		{30412183-E1C9-4BBE-AFC8-8707F1958206}.Release|Any CPU.Build.0 = Release|Any CPU
		{30412183-E1C9-4BBE-AFC8-8707F1958206}.Release|x64.ActiveCfg = Release|Any CPU
		{30412183-E1C9-4BBE-AFC8-8707F1958206}.Release|x64.Build.0 = Release|Any CPU
		{30412183-E1C9-4BBE-AFC8-8707F1958206}.Release|x86.ActiveCfg = Release|Any CPU
		{30412183-E1C9-4BBE-AFC8-8707F1958206}.Release|x86.Build.0 = Release|Any CPU
		{C480C041-723E-46F3-83D2-760DEA41054F}.Debug|Any CPU.ActiveCfg = Debug|Any CPU
		{C480C041-723E-46F3-83D2-760DEA41054F}.Debug|Any CPU.Build.0 = Debug|Any CPU
		{C480C041-723E-46F3-83D2-760DEA41054F}.Debug|x64.ActiveCfg = Debug|Any CPU
		{C480C041-723E-46F3-83D2-760DEA41054F}.Debug|x64.Build.0 = Debug|Any CPU
		{C480C041-723E-46F3-83D2-760DEA41054F}.Debug|x86.ActiveCfg = Debug|Any CPU
		{C480C041-723E-46F3-83D2-760DEA41054F}.Debug|x86.Build.0 = Debug|Any CPU
		{C480C041-723E-46F3-83D2-760DEA41054F}.Release|Any CPU.ActiveCfg = Release|Any CPU
		{C480C041-723E-46F3-83D2-760DEA41054F}.Release|Any CPU.Build.0 = Release|Any CPU
		{C480C041-723E-46F3-83D2-760DEA41054F}.Release|x64.ActiveCfg = Release|Any CPU
		{C480C041-723E-46F3-83D2-760DEA41054F}.Release|x64.Build.0 = Release|Any CPU
		{C480C041-723E-46F3-83D2-760DEA41054F}.Release|x86.ActiveCfg = Release|Any CPU
		{C480C041-723E-46F3-83D2-760DEA41054F}.Release|x86.Build.0 = Release|Any CPU
	EndGlobalSection
EndGlobal
